
Microsoft Visual Studio Solution File, Format Version 12.00
# Visual Studio Version 16
VisualStudioVersion = 16.0.28729.10
MinimumVisualStudioVersion = 10.0.40219.1
Project("{FAE04EC0-301F-11D3-BF4B-00C04F79EFBC}") = "LimitService", "LimitService\LimitService.csproj", "{99751DCD-9E29-4687-800D-A8AD467EBDDD}"
EndProject
Global
	GlobalSection(SolutionConfigurationPlatforms) = preSolution
		Debug|Any CPU = Debug|Any CPU
		Release|Any CPU = Release|Any CPU
	EndGlobalSection
	GlobalSection(ProjectConfigurationPlatforms) = postSolution
		{99751DCD-9E29-4687-800D-A8AD467EBDDD}.Debug|Any CPU.ActiveCfg = Debug|Any CPU
		{99751DCD-9E29-4687-800D-A8AD467EBDDD}.Debug|Any CPU.Build.0 = Debug|Any CPU
		{99751DCD-9E29-4687-800D-A8AD467EBDDD}.Release|Any CPU.ActiveCfg = Release|Any CPU
		{99751DCD-9E29-4687-800D-A8AD467EBDDD}.Release|Any CPU.Build.0 = Release|Any CPU
	EndGlobalSection
	GlobalSection(SolutionProperties) = preSolution
		HideSolutionNode = FALSE
	EndGlobalSection
	GlobalSection(ExtensibilityGlobals) = postSolution
		SolutionGuid = {1607E561-9852-4D4D-A4E9-6BF88976C580}
	EndGlobalSection
EndGlobal
